<?xml version="1.0" encoding="utf-8"?>
<Project ToolsVersion="4.0" xmlns="http://schemas.microsoft.com/developer/msbuild/2003">
  <ItemGroup>
    <ClCompile Include="compile.cpp">
      <Filter>소스 파일</Filter>
    </ClCompile>
    <ClCompile Include="execute.cpp">
      <Filter>소스 파일</Filter>
    </ClCompile>
    <ClCompile Include="express.cpp">
      <Filter>소스 파일</Filter>
    </ClCompile>
    <ClCompile Include="main.cpp">
      <Filter>소스 파일</Filter>
    </ClCompile>
    <ClCompile Include="infunc.cpp">
      <Filter>소스 파일</Filter>
    </ClCompile>
    <ClCompile Include="harpdata.cpp">
      <Filter>소스 파일</Filter>
    </ClCompile>
  </ItemGroup>
  <ItemGroup>
    <ClInclude Include="memory.h">
      <Filter>헤더 파일</Filter>
    </ClInclude>
    <ClInclude Include="execute.h">
      <Filter>헤더 파일</Filter>
    </ClInclude>
    <ClInclude Include="errormsg.h">
      <Filter>헤더 파일</Filter>
    </ClInclude>
    <ClInclude Include="def.h">
      <Filter>헤더 파일</Filter>
    </ClInclude>
    <ClInclude Include="compile.h">
      <Filter>헤더 파일</Filter>
    </ClInclude>
    <ClInclude Include="resource.h">
      <Filter>헤더 파일</Filter>
    </ClInclude>
    <ClInclude Include="infunc.h">
      <Filter>헤더 파일</Filter>
    </ClInclude>
    <ClInclude Include="harpdata.h">
      <Filter>헤더 파일</Filter>
    </ClInclude>
  </ItemGroup>
  <ItemGroup>
    <Filter Include="소스 파일">
      <UniqueIdentifier>{f0c728ea-7861-4262-bb06-2eceb3aeea22}</UniqueIdentifier>
    </Filter>
    <Filter Include="예제 파일">
      <UniqueIdentifier>{ab564af9-687d-4e98-b3f2-ce5b7d126372}</UniqueIdentifier>
    </Filter>
    <Filter Include="헤더 파일">
      <UniqueIdentifier>{32806847-bec6-48f4-bd6b-5c6ee7a97be2}</UniqueIdentifier>
    </Filter>
    <Filter Include="리소스 파일">
      <UniqueIdentifier>{29bae5d2-083e-426d-b4d7-be6d9ca87c34}</UniqueIdentifier>
    </Filter>
  </ItemGroup>
  <ItemGroup>
    <None Include="a.harp">
      <Filter>예제 파일</Filter>
    </None>
  </ItemGroup>
  <ItemGroup>
    <Image Include="favicon.ico">
      <Filter>리소스 파일</Filter>
    </Image>
  </ItemGroup>
  <ItemGroup>
    <ResourceCompile Include="harp_script.rc">
      <Filter>리소스 파일</Filter>
    </ResourceCompile>
  </ItemGroup>
  <ItemGroup>
    <Text Include="bytecode.txt">
      <Filter>예제 파일</Filter>
    </Text>
  </ItemGroup>
</Project>